{
  "name": "@vue-motion/client",
  "version": "0.5.1",
  "lockfileVersion": 3,
  "requires": true,
  "packages": {
    "": {
      "name": "@vue-motion/client",
      "version": "0.5.1",
      "license": "Apache-2.0",
      "dependencies": {
        "@ffmpeg/ffmpeg": "0.11.0",
        "@ffmpeg/util": "^0.12.1",
        "@types/cors": "^2.8.17",
        "@types/express": "^4.17.21",
        "autoprefixer": "^10.4.20",
        "clerc": "^0.44.0",
        "cors": "^2.8.5",
        "express": "^4.19.2",
        "postcss": "^8.4.41",
        "tailwindcss": "^3.4.10",
        "vite": "^5.4.2",
        "vite-plugin-express": "^1.0.3",
        "vite-plugin-mock": "^3.0.2",
        "vue": "^3.4.26"
      },
      "bin": {
        "vuemotion": "dist/index.js"
      },
      "devDependencies": {
        "@vitejs/plugin-vue": "^5.1.2",
        "vite-plugin-dts": "^3.9.1"
      }
    },
    "../../node_modules/.pnpm/@ffmpeg+core@0.12.6/node_modules/@ffmpeg/core": {
      "version": "0.12.6",
      "extraneous": true,
      "license": "MIT",
      "engines": {
        "node": ">=16.x"
      }
    },
    "../../node_modules/.pnpm/@ffmpeg+ffmpeg@0.11.0/node_modules/@ffmpeg/ffmpeg": {
      "version": "0.11.0",
      "license": "MIT",
      "dependencies": {
        "is-url": "^1.2.4",
        "node-fetch": "^2.6.1",
        "regenerator-runtime": "^0.13.7",
        "resolve-url": "^0.5.1"
      },
      "devDependencies": {
        "@babel/core": "^7.12.3",
        "@babel/preset-env": "^7.12.1",
        "@ffmpeg/core": "^0.11.0",
        "@types/emscripten": "^1.39.4",
        "babel-eslint": "^10.5.1",
        "babel-loader": "^8.1.0",
        "chai": "^4.2.0",
        "cors": "^2.8.5",
        "eslint": "^7.12.1",
        "eslint-config-airbnb-base": "^14.1.0",
        "eslint-plugin-import": "^2.22.1",
        "express": "^4.17.1",
        "mocha": "^8.2.1",
        "mocha-headless-chrome": "^2.0.3",
        "npm-run-all": "^4.1.5",
        "wait-on": "^5.3.0",
        "webpack": "^5.3.2",
        "webpack-cli": "^4.1.0",
        "webpack-dev-middleware": "^4.0.0"
      },
      "engines": {
        "node": ">=12.16.1"
      }
    },
    "../../node_modules/.pnpm/@ffmpeg+util@0.12.1/node_modules/@ffmpeg/util": {
      "version": "0.12.1",
      "license": "MIT",
      "devDependencies": {
        "@typescript-eslint/eslint-plugin": "^6.1.0",
        "@typescript-eslint/parser": "^6.1.0",
        "eslint": "^8.45.0",
        "rimraf": "^5.0.1",
        "typescript": "^5.1.6",
        "webpack-cli": "^5.1.4"
      },
      "engines": {
        "node": ">=18.x"
      }
    },
    "../../node_modules/.pnpm/@types+cors@2.8.17/node_modules/@types/cors": {
      "version": "2.8.17",
      "license": "MIT",
      "dependencies": {
        "@types/node": "*"
      }
    },
    "../../node_modules/.pnpm/@types+express@4.17.21/node_modules/@types/express": {
      "version": "4.17.21",
      "license": "MIT",
      "dependencies": {
        "@types/body-parser": "*",
        "@types/express-serve-static-core": "^4.17.33",
        "@types/qs": "*",
        "@types/serve-static": "*"
      }
    },
    "../../node_modules/.pnpm/@vitejs+plugin-vue@5.1.2_vite@5.4.2_@types+node@22.5.0__vue@3.4.38_typescript@5.5.4_/node_modules/@vitejs/plugin-vue": {
      "version": "5.1.2",
      "dev": true,
      "license": "MIT",
      "devDependencies": {
        "@jridgewell/gen-mapping": "^0.3.5",
        "@jridgewell/trace-mapping": "^0.3.25",
        "debug": "^4.3.5",
        "rollup": "^4.19.2",
        "slash": "^5.1.0",
        "source-map-js": "^1.2.0",
        "vite": "^5.3.5",
        "vue": "^3.4.29"
      },
      "engines": {
        "node": "^18.0.0 || >=20.0.0"
      },
      "peerDependencies": {
        "vite": "^5.0.0",
        "vue": "^3.2.25"
      }
    },
    "../../node_modules/.pnpm/autoprefixer@10.4.20_postcss@8.4.41/node_modules/autoprefixer": {
      "version": "10.4.20",
      "funding": [
        {
          "type": "opencollective",
          "url": "https://opencollective.com/postcss/"
        },
        {
          "type": "tidelift",
          "url": "https://tidelift.com/funding/github/npm/autoprefixer"
        },
        {
          "type": "github",
          "url": "https://github.com/sponsors/ai"
        }
      ],
      "license": "MIT",
      "dependencies": {
        "browserslist": "^4.23.3",
        "caniuse-lite": "^1.0.30.5.146",
        "fraction.js": "^4.3.7",
        "normalize-range": "^0.5.1",
        "picocolors": "^1.0.1",
        "postcss-value-parser": "^4.2.0"
      },
      "bin": {
        "autoprefixer": "bin/autoprefixer"
      },
      "engines": {
        "node": "^10 || ^12 || >=14"
      },
      "peerDependencies": {
        "postcss": "^8.1.0"
      }
    },
    "../../node_modules/.pnpm/clerc@0.44.0/node_modules/clerc": {
      "version": "0.44.0",
      "license": "MIT",
      "dependencies": {
        "@clerc/core": "0.44.0",
        "@clerc/plugin-completions": "0.44.0",
        "@clerc/plugin-friendly-error": "0.44.0",
        "@clerc/plugin-help": "0.44.0",
        "@clerc/plugin-not-found": "0.44.0",
        "@clerc/plugin-strict-flags": "0.44.0",
        "@clerc/plugin-version": "0.44.0"
      }
    },
    "../../node_modules/.pnpm/cors@2.8.5/node_modules/cors": {
      "version": "2.8.5",
      "license": "MIT",
      "dependencies": {
        "object-assign": "^4",
        "vary": "^1"
      },
      "devDependencies": {
        "after": "0.8.2",
        "eslint": "2.13.1",
        "express": "4.16.3",
        "mocha": "5.2.0",
        "nyc": "13.1.0",
        "supertest": "3.3.0"
      },
      "engines": {
        "node": ">= 0.10"
      }
    },
    "../../node_modules/.pnpm/express@4.19.2/node_modules/express": {
      "version": "4.19.2",
      "license": "MIT",
      "dependencies": {
        "accepts": "~1.3.8",
        "array-flatten": "1.1.1",
        "body-parser": "1.20.2",
        "content-disposition": "0.5.4",
        "content-type": "~1.0.4",
        "cookie": "0.6.0",
        "cookie-signature": "1.0.6",
        "debug": "2.6.9",
        "depd": "2.0.0",
        "encodeurl": "~1.0.2",
        "escape-html": "~1.0.3",
        "etag": "~1.8.1",
        "finalhandler": "1.2.0",
        "fresh": "0.5.2",
        "http-errors": "2.0.0",
        "merge-descriptors": "1.0.1",
        "methods": "~1.1.2",
        "on-finished": "2.4.1",
        "parseurl": "~1.3.3",
        "path-to-regexp": "0.1.7",
        "proxy-addr": "~2.0.7",
        "qs": "6.11.0",
        "range-parser": "~1.2.1",
        "safe-buffer": "5.2.1",
        "send": "0.18.0",
        "serve-static": "1.15.0",
        "setprototypeof": "1.2.0",
        "statuses": "2.0.1",
        "type-is": "~1.6.18",
        "utils-merge": "1.0.1",
        "vary": "~1.1.2"
      },
      "devDependencies": {
        "after": "0.8.2",
        "connect-redis": "3.4.2",
        "cookie-parser": "1.4.6",
        "cookie-session": "2.0.0",
        "ejs": "3.1.9",
        "eslint": "8.47.0",
        "express-session": "1.17.2",
        "hbs": "4.2.0",
        "marked": "0.7.0",
        "method-override": "3.0.0",
        "mocha": "10.5.1",
        "morgan": "1.10.0",
        "nyc": "15.1.0",
        "pbkdf2-password": "1.2.1",
        "supertest": "6.3.0",
        "vhost": "~3.0.2"
      },
      "engines": {
        "node": ">= 0.10.0"
      }
    },
    "../../node_modules/.pnpm/postcss@8.4.41/node_modules/postcss": {
      "version": "8.4.41",
      "funding": [
        {
          "type": "opencollective",
          "url": "https://opencollective.com/postcss/"
        },
        {
          "type": "tidelift",
          "url": "https://tidelift.com/funding/github/npm/postcss"
        },
        {
          "type": "github",
          "url": "https://github.com/sponsors/ai"
        }
      ],
      "license": "MIT",
      "dependencies": {
        "nanoid": "^3.3.7",
        "picocolors": "^1.0.1",
        "source-map-js": "^1.2.0"
      },
      "engines": {
        "node": "^10 || ^12 || >=14"
      }
    },
    "../../node_modules/.pnpm/tailwindcss@3.4.10/node_modules/tailwindcss": {
      "version": "3.4.10",
      "license": "MIT",
      "dependencies": {
        "@alloc/quick-lru": "^5.2.0",
        "arg": "^5.0.2",
        "chokidar": "^3.5.3",
        "didyoumean": "^1.2.2",
        "dlv": "^1.1.3",
        "fast-glob": "^3.3.0",
        "glob-parent": "^6.0.2",
        "is-glob": "^4.0.3",
        "jiti": "^1.21.0",
        "lilconfig": "^2.1.0",
        "micromatch": "^4.0.5",
        "normalize-path": "^3.0.0",
        "object-hash": "^3.0.0",
        "picocolors": "^1.0.0",
        "postcss": "^8.4.23",
        "postcss-import": "^15.1.0",
        "postcss-js": "^4.0.1",
        "postcss-load-config": "^4.0.1",
        "postcss-nested": "^6.0.1",
        "postcss-selector-parser": "^6.0.11",
        "resolve": "^1.22.2",
        "sucrase": "^3.32.0"
      },
      "bin": {
        "tailwind": "lib/cli.js",
        "tailwindcss": "lib/cli.js"
      },
      "devDependencies": {
        "@swc/cli": "^0.1.62",
        "@swc/core": "^1.3.55",
        "@swc/jest": "^0.2.26",
        "@swc/register": "^0.5.10",
        "autoprefixer": "^10.5.14",
        "browserslist": "^4.21.5",
        "concurrently": "^8.0.1",
        "cssnano": "^6.1.2",
        "esbuild": "^0.20.2",
        "eslint": "^8.39.0",
        "eslint-config-prettier": "^8.8.0",
        "eslint-plugin-prettier": "^4.2.1",
        "jest": "^29.6.0",
        "jest-diff": "^29.6.0",
        "lightningcss": "1.24.1",
        "prettier": "^2.8.8",
        "rimraf": "^5.0.0",
        "source-map-js": "^1.0.2",
        "turbo": "^1.9.3"
      },
      "engines": {
        "node": ">=14.0.0"
      }
    },
    "../../node_modules/.pnpm/vite-plugin-dts@3.9.1_@types+node@22.5.0_rollup@4.21.0_typescript@5.5.4_vite@5.4.2_@types+node@22.5.0_/node_modules/vite-plugin-dts": {
      "version": "3.9.1",
      "dev": true,
      "license": "MIT",
      "dependencies": {
        "@microsoft/api-extractor": "7.43.0",
        "@rollup/pluginutils": "^5.1.0",
        "@vue/language-core": "^1.8.27",
        "debug": "^4.3.4",
        "kolorist": "^1.8.0",
        "magic-string": "^0.30.8",
        "vue-tsc": "^1.8.27"
      },
      "devDependencies": {
        "@commitlint/cli": "^19.2.1",
        "@types/debug": "^4.1.12",
        "@types/minimist": "^1.2.5",
        "@types/node": "^20.11.30",
        "@types/prompts": "^2.4.9",
        "@types/semver": "^7.5.8",
        "@vexip-ui/commitlint-config": "^0.5.1",
        "@vexip-ui/eslint-config": "^0.12.0",
        "@vexip-ui/prettier-config": "^0.5.1",
        "@vue/eslint-config-standard": "^8.0.1",
        "@vue/eslint-config-typescript": "^13.0.0",
        "conventional-changelog-cli": "^4.1.0",
        "eslint": "^8.57.0",
        "execa": "^8.0.1",
        "husky": "^9.0.11",
        "is-ci": "^3.0.1",
        "lint-staged": "^15.2.2",
        "minimist": "^1.2.8",
        "pinst": "^3.0.0",
        "prettier": "^3.2.5",
        "pretty-quick": "^4.0.0",
        "prompts": "^2.4.2",
        "rimraf": "^5.0.5",
        "semver": "^7.6.0",
        "tsx": "^4.7.1",
        "typescript": "5.4.3",
        "unbuild": "^2.0.0",
        "vite": "^5.2.6",
        "vitest": "^1.4.0"
      },
      "engines": {
        "node": "^14.18.0 || >=16.0.0"
      },
      "peerDependencies": {
        "typescript": "*",
        "vite": "*"
      },
      "peerDependenciesMeta": {
        "vite": {
          "optional": true
        }
      }
    },
    "../../node_modules/.pnpm/vite-plugin-express@1.0.3_vite@5.4.2_@types+node@22.5.0_/node_modules/vite-plugin-express": {
      "version": "1.0.3",
      "license": "MIT",
      "dependencies": {
        "body-parser": "^1.20.0",
        "cors": "^2.8.5",
        "express": "^4.18.1",
        "globby": "^13.1.2"
      },
      "devDependencies": {
        "@types/cors": "^2.8.12",
        "@types/express": "^4.17.13",
        "typescript": "^4.7.4",
        "vite": "^3.0.9"
      },
      "peerDependencies": {
        "vite": ">=3"
      }
    },
    "../../node_modules/.pnpm/vite-plugin-mock@3.0.2_esbuild@0.23.1_mockjs@1.1.0_vite@5.4.2_@types+node@22.5.0_/node_modules/vite-plugin-mock": {
      "version": "3.0.2",
      "license": "MIT",
      "dependencies": {
        "bundle-require": "^4.0.1",
        "chokidar": "^3.5.3",
        "connect": "^3.7.0",
        "debug": "^4.3.4",
        "fast-glob": "^3.2.12",
        "path-to-regexp": "^6.2.1",
        "picocolors": "^1.0.0"
      },
      "devDependencies": {
        "@types/connect": "^3.4.35",
        "@types/debug": "^4.1.7",
        "@types/mockjs": "^1.0.7",
        "@types/node": "^16.18.23",
        "mockjs": "^1.1.0",
        "rimraf": "^5.0.0",
        "tsup": "6.7.0",
        "typescript": "^5.0.4",
        "unbuild": "^1.2.1",
        "vite": "4.2.1"
      },
      "engines": {
        "node": ">=16.0.0"
      },
      "peerDependencies": {
        "esbuild": ">=0.17",
        "mockjs": ">=1.1.0",
        "vite": ">=4.0.0"
      }
    },
    "../../node_modules/.pnpm/vite@5.4.2_@types+node@22.5.0/node_modules/vite": {
      "version": "5.4.2",
      "license": "MIT",
      "dependencies": {
        "esbuild": "^0.21.3",
        "postcss": "^8.4.41",
        "rollup": "^4.20.0"
      },
      "bin": {
        "vite": "bin/vite.js"
      },
      "devDependencies": {
        "@ampproject/remapping": "^2.3.0",
        "@babel/parser": "^7.25.3",
        "@jridgewell/trace-mapping": "^0.3.25",
        "@polka/compression": "^1.0.0-next.25",
        "@rollup/plugin-alias": "^5.1.0",
        "@rollup/plugin-commonjs": "^26.0.1",
        "@rollup/plugin-dynamic-import-vars": "^2.1.2",
        "@rollup/plugin-json": "^6.1.0",
        "@rollup/plugin-node-resolve": "15.2.3",
        "@rollup/pluginutils": "^5.1.0",
        "@types/escape-html": "^1.0.4",
        "@types/pnpapi": "^0.5.1",
        "artichokie": "^0.5.1",
        "cac": "^6.7.14",
        "chokidar": "^3.6.0",
        "connect": "^3.7.0",
        "convert-source-map": "^2.0.0",
        "cors": "^2.8.5",
        "cross-spawn": "^7.0.3",
        "debug": "^4.3.6",
        "dep-types": "link:./src/types",
        "dotenv": "^16.4.5",
        "dotenv-expand": "^11.0.6",
        "es-module-lexer": "^1.5.4",
        "escape-html": "^1.0.3",
        "estree-walker": "^3.0.3",
        "etag": "^1.8.1",
        "fast-glob": "^3.3.2",
        "http-proxy": "^1.18.1",
        "launch-editor-middleware": "^2.8.1",
        "lightningcss": "^1.26.0",
        "magic-string": "^0.30.11",
        "micromatch": "^4.0.7",
        "mlly": "^1.7.1",
        "mrmime": "^2.0.0",
        "open": "^8.4.2",
        "parse5": "^7.1.2",
        "pathe": "^1.1.2",
        "periscopic": "^4.0.2",
        "picocolors": "^1.0.1",
        "picomatch": "^2.3.1",
        "postcss-import": "^16.1.0",
        "postcss-load-config": "^4.0.2",
        "postcss-modules": "^6.0.0",
        "resolve.exports": "^2.0.2",
        "rollup-plugin-dts": "^6.1.1",
        "rollup-plugin-esbuild": "^6.1.1",
        "rollup-plugin-license": "^3.5.2",
        "sass": "^1.77.8",
        "sass-embedded": "^1.77.8",
        "sirv": "^2.0.4",
        "source-map-support": "^0.5.21",
        "strip-ansi": "^7.1.0",
        "strip-literal": "^2.1.0",
        "tsconfck": "^3.1.1",
        "tslib": "^2.6.3",
        "types": "link:./types",
        "ufo": "^1.5.4",
        "ws": "^8.18.0"
      },
      "engines": {
        "node": "^18.0.0 || >=20.0.0"
      },
      "funding": {
        "url": "https://github.com/vitejs/vite?sponsor=1"
      },
      "optionalDependencies": {
        "fsevents": "~2.3.3"
      },
      "peerDependencies": {
        "@types/node": "^18.0.0 || >=20.0.0",
        "less": "*",
        "lightningcss": "^1.21.0",
        "sass": "*",
        "sass-embedded": "*",
        "stylus": "*",
        "sugarss": "*",
        "terser": "^5.4.0"
      },
      "peerDependenciesMeta": {
        "@types/node": {
          "optional": true
        },
        "less": {
          "optional": true
        },
        "lightningcss": {
          "optional": true
        },
        "sass": {
          "optional": true
        },
        "sass-embedded": {
          "optional": true
        },
        "stylus": {
          "optional": true
        },
        "sugarss": {
          "optional": true
        },
        "terser": {
          "optional": true
        }
      }
    },
    "../../node_modules/.pnpm/vue@3.4.38_typescript@5.5.4/node_modules/vue": {
      "version": "3.4.38",
      "license": "MIT",
      "dependencies": {
        "@vue/compiler-dom": "3.4.38",
        "@vue/compiler-sfc": "3.4.38",
        "@vue/runtime-dom": "3.4.38",
        "@vue/server-renderer": "3.4.38",
        "@vue/shared": "3.4.38"
      },
      "peerDependencies": {
        "typescript": "*"
      },
      "peerDependenciesMeta": {
        "typescript": {
          "optional": true
        }
      }
    },
    "node_modules/@ffmpeg/ffmpeg": {
      "resolved": "../../node_modules/.pnpm/@ffmpeg+ffmpeg@0.11.0/node_modules/@ffmpeg/ffmpeg",
      "link": true
    },
    "node_modules/@ffmpeg/util": {
      "resolved": "../../node_modules/.pnpm/@ffmpeg+util@0.12.1/node_modules/@ffmpeg/util",
      "link": true
    },
    "node_modules/@types/cors": {
      "resolved": "../../node_modules/.pnpm/@types+cors@2.8.17/node_modules/@types/cors",
      "link": true
    },
    "node_modules/@types/express": {
      "resolved": "../../node_modules/.pnpm/@types+express@4.17.21/node_modules/@types/express",
      "link": true
    },
    "node_modules/@vitejs/plugin-vue": {
      "resolved": "../../node_modules/.pnpm/@vitejs+plugin-vue@5.1.2_vite@5.4.2_@types+node@22.5.0__vue@3.4.38_typescript@5.5.4_/node_modules/@vitejs/plugin-vue",
      "link": true
    },
    "node_modules/autoprefixer": {
      "resolved": "../../node_modules/.pnpm/autoprefixer@10.4.20_postcss@8.4.41/node_modules/autoprefixer",
      "link": true
    },
    "node_modules/clerc": {
      "resolved": "../../node_modules/.pnpm/clerc@0.44.0/node_modules/clerc",
      "link": true
    },
    "node_modules/cors": {
      "resolved": "../../node_modules/.pnpm/cors@2.8.5/node_modules/cors",
      "link": true
    },
    "node_modules/express": {
      "resolved": "../../node_modules/.pnpm/express@4.19.2/node_modules/express",
      "link": true
    },
    "node_modules/postcss": {
      "resolved": "../../node_modules/.pnpm/postcss@8.4.41/node_modules/postcss",
      "link": true
    },
    "node_modules/tailwindcss": {
      "resolved": "../../node_modules/.pnpm/tailwindcss@3.4.10/node_modules/tailwindcss",
      "link": true
    },
    "node_modules/vite": {
      "resolved": "../../node_modules/.pnpm/vite@5.4.2_@types+node@22.5.0/node_modules/vite",
      "link": true
    },
    "node_modules/vite-plugin-dts": {
      "resolved": "../../node_modules/.pnpm/vite-plugin-dts@3.9.1_@types+node@22.5.0_rollup@4.21.0_typescript@5.5.4_vite@5.4.2_@types+node@22.5.0_/node_modules/vite-plugin-dts",
      "link": true
    },
    "node_modules/vite-plugin-express": {
      "resolved": "../../node_modules/.pnpm/vite-plugin-express@1.0.3_vite@5.4.2_@types+node@22.5.0_/node_modules/vite-plugin-express",
      "link": true
    },
    "node_modules/vite-plugin-mock": {
      "resolved": "../../node_modules/.pnpm/vite-plugin-mock@3.0.2_esbuild@0.23.1_mockjs@1.1.0_vite@5.4.2_@types+node@22.5.0_/node_modules/vite-plugin-mock",
      "link": true
    },
    "node_modules/vue": {
      "resolved": "../../node_modules/.pnpm/vue@3.4.38_typescript@5.5.4/node_modules/vue",
      "link": true
    }
  }
}
